
Microsoft Visual Studio Solution File, Format Version 12.00
# Visual Studio 15
VisualStudioVersion = 15.0.27130.2010
MinimumVisualStudioVersion = 10.0.40219.1
Project("{FAE04EC0-301F-11D3-BF4B-00C04F79EFBC}") = "BackpackerGame", "BackpackerGame\BackpackerGame.csproj", "{B632E644-00A8-41E0-982A-C746D978FD93}"
EndProject
Global
	GlobalSection(SolutionConfigurationPlatforms) = preSolution
		Debug|Any CPU = Debug|Any CPU
		Release|Any CPU = Release|Any CPU
	EndGlobalSection
	GlobalSection(ProjectConfigurationPlatforms) = postSolution
		{B632E644-00A8-41E0-982A-C746D978FD93}.Debug|Any CPU.ActiveCfg = Debug|Any CPU
		{B632E644-00A8-41E0-982A-C746D978FD93}.Debug|Any CPU.Build.0 = Debug|Any CPU
		{B632E644-00A8-41E0-982A-C746D978FD93}.Release|Any CPU.ActiveCfg = Release|Any CPU
		{B632E644-00A8-41E0-982A-C746D978FD93}.Release|Any CPU.Build.0 = Release|Any CPU
	EndGlobalSection
	GlobalSection(SolutionProperties) = preSolution
		HideSolutionNode = FALSE
	EndGlobalSection
	GlobalSection(ExtensibilityGlobals) = postSolution
		SolutionGuid = {0F2B837B-490F-4F64-9FA5-FF92F71589B8}
	EndGlobalSection
EndGlobal
